
Microsoft Visual Studio Solution File, Format Version 12.00
# Visual Studio 15
VisualStudioVersion = 15.0.28307.572
MinimumVisualStudioVersion = 10.0.40219.1
Project("{9A19103F-16F7-4668-BE54-9A1E7A4F7556}") = "Upliving", "Web\Upliving.csproj", "{314C29F8-771D-409F-AFC2-B21B316E0684}"
EndProject
Project("{FAE04EC0-301F-11D3-BF4B-00C04F79EFBC}") = "Creator", "Creator\Creator.csproj", "{0008293D-7772-4143-8B94-EB833AA90FC4}"
EndProject
Global
	GlobalSection(SolutionConfigurationPlatforms) = preSolution
		Debug|Any CPU = Debug|Any CPU
		Release|Any CPU = Release|Any CPU
	EndGlobalSection
	GlobalSection(ProjectConfigurationPlatforms) = postSolution
		{314C29F8-771D-409F-AFC2-B21B316E0684}.Debug|Any CPU.ActiveCfg = Debug|Any CPU
		{314C29F8-771D-409F-AFC2-B21B316E0684}.Debug|Any CPU.Build.0 = Debug|Any CPU
		{314C29F8-771D-409F-AFC2-B21B316E0684}.Release|Any CPU.ActiveCfg = Release|Any CPU
		{314C29F8-771D-409F-AFC2-B21B316E0684}.Release|Any CPU.Build.0 = Release|Any CPU
		{0008293D-7772-4143-8B94-EB833AA90FC4}.Debug|Any CPU.ActiveCfg = Debug|Any CPU
		{0008293D-7772-4143-8B94-EB833AA90FC4}.Debug|Any CPU.Build.0 = Debug|Any CPU
		{0008293D-7772-4143-8B94-EB833AA90FC4}.Release|Any CPU.ActiveCfg = Release|Any CPU
		{0008293D-7772-4143-8B94-EB833AA90FC4}.Release|Any CPU.Build.0 = Release|Any CPU
	EndGlobalSection
	GlobalSection(SolutionProperties) = preSolution
		HideSolutionNode = FALSE
	EndGlobalSection
	GlobalSection(ExtensibilityGlobals) = postSolution
		SolutionGuid = {DEA8BB12-77C4-4E3D-A6BE-D92AEAE9E8AC}
	EndGlobalSection
EndGlobal
